
Microsoft Visual Studio Solution File, Format Version 12.00
# Visual Studio Version 17
VisualStudioVersion = 17.4.33110.190
MinimumVisualStudioVersion = 10.0.40219.1
Project("{FAE04EC0-301F-11D3-BF4B-00C04F79EFBC}") = "FilterApi", "FilterApi\FilterApi.csproj", "{80738A7C-6528-4FC9-9542-C49A28607AA0}"
EndProject
Global
	GlobalSection(SolutionConfigurationPlatforms) = preSolution
		Debug|Any CPU = Debug|Any CPU
		Release|Any CPU = Release|Any CPU
	EndGlobalSection
	GlobalSection(ProjectConfigurationPlatforms) = postSolution
		{80738A7C-6528-4FC9-9542-C49A28607AA0}.Debug|Any CPU.ActiveCfg = Debug|Any CPU
		{80738A7C-6528-4FC9-9542-C49A28607AA0}.Debug|Any CPU.Build.0 = Debug|Any CPU
		{80738A7C-6528-4FC9-9542-C49A28607AA0}.Release|Any CPU.ActiveCfg = Release|Any CPU
		{80738A7C-6528-4FC9-9542-C49A28607AA0}.Release|Any CPU.Build.0 = Release|Any CPU
	EndGlobalSection
	GlobalSection(SolutionProperties) = preSolution
		HideSolutionNode = FALSE
	EndGlobalSection
	GlobalSection(ExtensibilityGlobals) = postSolution
		SolutionGuid = {6505CF99-0A12-4D9E-959A-CB37FB4D099C}
	EndGlobalSection
EndGlobal
